// !$*UTF8*$!
{
	archiveVersion = 1;
	classes = {
	};
	objectVersion = 47;
	objects = {

/* Begin PBXBuildFile section */
		0A2F903F1AE83FA400354882 /* SOAPService.swift in Sources */ = {isa = PBXBuildFile; fileRef = 0A2F903E1AE83FA400354882 /* SOAPService.swift */; };
		0A2F90431AE8465500354882 /* SOAPFormatter.swift in Sources */ = {isa = PBXBuildFile; fileRef = 0A2F90421AE8465500354882 /* SOAPFormatter.swift */; };
		0A2F90461AE9C13D00354882 /* XMLParser.swift in Sources */ = {isa = PBXBuildFile; fileRef = 0A2F90451AE9C13D00354882 /* XMLParser.swift */; };
		0A2F90481AE9D9C400354882 /* SWXMLHash.swift in Sources */ = {isa = PBXBuildFile; fileRef = 0A2F90471AE9D9C400354882 /* SWXMLHash.swift */; };
		0A2F904A1AEB1CCD00354882 /* StringFormatter.swift in Sources */ = {isa = PBXBuildFile; fileRef = 0A2F90491AEB1CCD00354882 /* StringFormatter.swift */; };
		0A2F904C1AF1CEE600354882 /* User.swift in Sources */ = {isa = PBXBuildFile; fileRef = 0A2F904B1AF1CEE600354882 /* User.swift */; };
		0A595BAC1AE5C59500BEA970 /* DateFormatter.swift in Sources */ = {isa = PBXBuildFile; fileRef = 0A595BAB1AE5C59500BEA970 /* DateFormatter.swift */; };
		0A595BB21AE5CA8C00BEA970 /* GCD.swift in Sources */ = {isa = PBXBuildFile; fileRef = 0A595BB11AE5CA8C00BEA970 /* GCD.swift */; };
		0A595BB51AE5CB9300BEA970 /* RequestFactory.swift in Sources */ = {isa = PBXBuildFile; fileRef = 0A595BB41AE5CB9300BEA970 /* RequestFactory.swift */; };
		0A595BB71AE5CE2300BEA970 /* Operators.swift in Sources */ = {isa = PBXBuildFile; fileRef = 0A595BB61AE5CE2300BEA970 /* Operators.swift */; };
		0A595BBD1AE5F14700BEA970 /* OfferDataSource.swift in Sources */ = {isa = PBXBuildFile; fileRef = 0A595BBC1AE5F14700BEA970 /* OfferDataSource.swift */; };
		0AA23D401AE08D3100696EDA /* DetailViewController.swift in Sources */ = {isa = PBXBuildFile; fileRef = 0AA23D3F1AE08D3100696EDA /* DetailViewController.swift */; };
		0AA4EE6F1AFC31EC002BC7B2 /* ListOffersViewController.swift in Sources */ = {isa = PBXBuildFile; fileRef = 0AA4EE6E1AFC31EC002BC7B2 /* ListOffersViewController.swift */; };
		0AA4EE711AFD58C4002BC7B2 /* ListAppliedOffersViewController.swift in Sources */ = {isa = PBXBuildFile; fileRef = 0AA4EE701AFD58C4002BC7B2 /* ListAppliedOffersViewController.swift */; };
		0AD35E791AD4C47900D77D76 /* AppDelegate.swift in Sources */ = {isa = PBXBuildFile; fileRef = 0AD35E781AD4C47900D77D76 /* AppDelegate.swift */; };
		0AD35E7E1AD4C47900D77D76 /* Main.storyboard in Resources */ = {isa = PBXBuildFile; fileRef = 0AD35E7C1AD4C47900D77D76 /* Main.storyboard */; };
		0AD35E801AD4C47900D77D76 /* Images.xcassets in Resources */ = {isa = PBXBuildFile; fileRef = 0AD35E7F1AD4C47900D77D76 /* Images.xcassets */; };
		0AD35E831AD4C47900D77D76 /* LaunchScreen.xib in Resources */ = {isa = PBXBuildFile; fileRef = 0AD35E811AD4C47900D77D76 /* LaunchScreen.xib */; };
		0AD35E8F1AD4C47900D77D76 /* sefiTests.swift in Sources */ = {isa = PBXBuildFile; fileRef = 0AD35E8E1AD4C47900D77D76 /* sefiTests.swift */; };
		0AFB372C1ADCAF4600F5EA95 /* LoginViewController.swift in Sources */ = {isa = PBXBuildFile; fileRef = 0AFB372B1ADCAF4600F5EA95 /* LoginViewController.swift */; };
		0AFB37341ADCB4BF00F5EA95 /* Offer.swift in Sources */ = {isa = PBXBuildFile; fileRef = 0AFB37331ADCB4BF00F5EA95 /* Offer.swift */; };
/* End PBXBuildFile section */

/* Begin PBXContainerItemProxy section */
		0AD35E891AD4C47900D77D76 /* PBXContainerItemProxy */ = {
			isa = PBXContainerItemProxy;
			containerPortal = 0AD35E6B1AD4C47900D77D76 /* Project object */;
			proxyType = 1;
			remoteGlobalIDString = 0AD35E721AD4C47900D77D76;
			remoteInfo = sefi;
		};
/* End PBXContainerItemProxy section */

/* Begin PBXFileReference section */
		0A2F903E1AE83FA400354882 /* SOAPService.swift */ = {isa = PBXFileReference; fileEncoding = 4; lastKnownFileType = sourcecode.swift; path = SOAPService.swift; sourceTree = "<group>"; };
		0A2F90421AE8465500354882 /* SOAPFormatter.swift */ = {isa = PBXFileReference; fileEncoding = 4; lastKnownFileType = sourcecode.swift; path = SOAPFormatter.swift; sourceTree = "<group>"; };
		0A2F90451AE9C13D00354882 /* XMLParser.swift */ = {isa = PBXFileReference; fileEncoding = 4; lastKnownFileType = sourcecode.swift; path = XMLParser.swift; sourceTree = "<group>"; };
		0A2F90471AE9D9C400354882 /* SWXMLHash.swift */ = {isa = PBXFileReference; fileEncoding = 4; lastKnownFileType = sourcecode.swift; path = SWXMLHash.swift; sourceTree = "<group>"; };
		0A2F90491AEB1CCD00354882 /* StringFormatter.swift */ = {isa = PBXFileReference; fileEncoding = 4; lastKnownFileType = sourcecode.swift; path = StringFormatter.swift; sourceTree = "<group>"; };
		0A2F904B1AF1CEE600354882 /* User.swift */ = {isa = PBXFileReference; fileEncoding = 4; lastKnownFileType = sourcecode.swift; path = User.swift; sourceTree = "<group>"; };
		0A595BAB1AE5C59500BEA970 /* DateFormatter.swift */ = {isa = PBXFileReference; fileEncoding = 4; lastKnownFileType = sourcecode.swift; path = DateFormatter.swift; sourceTree = "<group>"; };
		0A595BB11AE5CA8C00BEA970 /* GCD.swift */ = {isa = PBXFileReference; fileEncoding = 4; lastKnownFileType = sourcecode.swift; path = GCD.swift; sourceTree = "<group>"; };
		0A595BB41AE5CB9300BEA970 /* RequestFactory.swift */ = {isa = PBXFileReference; fileEncoding = 4; lastKnownFileType = sourcecode.swift; path = RequestFactory.swift; sourceTree = "<group>"; };
		0A595BB61AE5CE2300BEA970 /* Operators.swift */ = {isa = PBXFileReference; fileEncoding = 4; lastKnownFileType = sourcecode.swift; path = Operators.swift; sourceTree = "<group>"; };
		0A595BBC1AE5F14700BEA970 /* OfferDataSource.swift */ = {isa = PBXFileReference; fileEncoding = 4; lastKnownFileType = sourcecode.swift; path = OfferDataSource.swift; sourceTree = "<group>"; };
		0AA23D3F1AE08D3100696EDA /* DetailViewController.swift */ = {isa = PBXFileReference; fileEncoding = 4; lastKnownFileType = sourcecode.swift; path = DetailViewController.swift; sourceTree = "<group>"; };
		0AA4EE6E1AFC31EC002BC7B2 /* ListOffersViewController.swift */ = {isa = PBXFileReference; fileEncoding = 4; lastKnownFileType = sourcecode.swift; path = ListOffersViewController.swift; sourceTree = "<group>"; };
		0AA4EE701AFD58C4002BC7B2 /* ListAppliedOffersViewController.swift */ = {isa = PBXFileReference; fileEncoding = 4; lastKnownFileType = sourcecode.swift; path = ListAppliedOffersViewController.swift; sourceTree = "<group>"; };
		0AD35E731AD4C47900D77D76 /* sefi.app */ = {isa = PBXFileReference; explicitFileType = wrapper.application; includeInIndex = 0; path = sefi.app; sourceTree = BUILT_PRODUCTS_DIR; };
		0AD35E771AD4C47900D77D76 /* Info.plist */ = {isa = PBXFileReference; lastKnownFileType = text.plist.xml; path = Info.plist; sourceTree = "<group>"; };
		0AD35E781AD4C47900D77D76 /* AppDelegate.swift */ = {isa = PBXFileReference; lastKnownFileType = sourcecode.swift; path = AppDelegate.swift; sourceTree = "<group>"; };
		0AD35E7D1AD4C47900D77D76 /* Base */ = {isa = PBXFileReference; lastKnownFileType = file.storyboard; name = Base; path = Base.lproj/Main.storyboard; sourceTree = "<group>"; };
		0AD35E7F1AD4C47900D77D76 /* Images.xcassets */ = {isa = PBXFileReference; lastKnownFileType = folder.assetcatalog; path = Images.xcassets; sourceTree = "<group>"; };
		0AD35E821AD4C47900D77D76 /* Base */ = {isa = PBXFileReference; lastKnownFileType = file.xib; name = Base; path = Base.lproj/LaunchScreen.xib; sourceTree = "<group>"; };
		0AD35E881AD4C47900D77D76 /* sefiTests.xctest */ = {isa = PBXFileReference; explicitFileType = wrapper.cfbundle; includeInIndex = 0; path = sefiTests.xctest; sourceTree = BUILT_PRODUCTS_DIR; };
		0AD35E8D1AD4C47900D77D76 /* Info.plist */ = {isa = PBXFileReference; lastKnownFileType = text.plist.xml; path = Info.plist; sourceTree = "<group>"; };
		0AD35E8E1AD4C47900D77D76 /* sefiTests.swift */ = {isa = PBXFileReference; lastKnownFileType = sourcecode.swift; path = sefiTests.swift; sourceTree = "<group>"; };
		0AFB372B1ADCAF4600F5EA95 /* LoginViewController.swift */ = {isa = PBXFileReference; fileEncoding = 4; lastKnownFileType = sourcecode.swift; path = LoginViewController.swift; sourceTree = "<group>"; };
		0AFB37331ADCB4BF00F5EA95 /* Offer.swift */ = {isa = PBXFileReference; fileEncoding = 4; lastKnownFileType = sourcecode.swift; path = Offer.swift; sourceTree = "<group>"; };
/* End PBXFileReference section */

/* Begin PBXFrameworksBuildPhase section */
		0AD35E701AD4C47900D77D76 /* Frameworks */ = {
			isa = PBXFrameworksBuildPhase;
			buildActionMask = 2147483647;
			files = (
			);
			runOnlyForDeploymentPostprocessing = 0;
		};
		0AD35E851AD4C47900D77D76 /* Frameworks */ = {
			isa = PBXFrameworksBuildPhase;
			buildActionMask = 2147483647;
			files = (
			);
			runOnlyForDeploymentPostprocessing = 0;
		};
/* End PBXFrameworksBuildPhase section */

/* Begin PBXGroup section */
		0A2F90441AE9C11A00354882 /* Parsing */ = {
			isa = PBXGroup;
			children = (
				0A2F90451AE9C13D00354882 /* XMLParser.swift */,
				0A2F90471AE9D9C400354882 /* SWXMLHash.swift */,
			);
			name = Parsing;
			sourceTree = "<group>";
		};
		0A595BAA1AE5C50100BEA970 /* Formatting */ = {
			isa = PBXGroup;
			children = (
				0A595BAB1AE5C59500BEA970 /* DateFormatter.swift */,
				0A2F90421AE8465500354882 /* SOAPFormatter.swift */,
				0A2F90491AEB1CCD00354882 /* StringFormatter.swift */,
			);
			name = Formatting;
			sourceTree = "<group>";
		};
		0A595BAD1AE5C91B00BEA970 /* Model */ = {
			isa = PBXGroup;
			children = (
				0AFB37331ADCB4BF00F5EA95 /* Offer.swift */,
				0A2F904B1AF1CEE600354882 /* User.swift */,
			);
			name = Model;
			sourceTree = "<group>";
		};
		0A595BAF1AE5CA1B00BEA970 /* UI */ = {
			isa = PBXGroup;
			children = (
				0AD35E811AD4C47900D77D76 /* LaunchScreen.xib */,
				0AD35E7C1AD4C47900D77D76 /* Main.storyboard */,
				0AA23D3F1AE08D3100696EDA /* DetailViewController.swift */,
				0AFB372B1ADCAF4600F5EA95 /* LoginViewController.swift */,
				0A595BBC1AE5F14700BEA970 /* OfferDataSource.swift */,
				0AA4EE6E1AFC31EC002BC7B2 /* ListOffersViewController.swift */,
				0AA4EE701AFD58C4002BC7B2 /* ListAppliedOffersViewController.swift */,
			);
			name = UI;
			sourceTree = "<group>";
		};
		0A595BB01AE5CA7300BEA970 /* Utilities */ = {
			isa = PBXGroup;
			children = (
				0A595BB11AE5CA8C00BEA970 /* GCD.swift */,
				0A595BB61AE5CE2300BEA970 /* Operators.swift */,
			);
			name = Utilities;
			sourceTree = "<group>";
		};
		0A595BB31AE5CB6C00BEA970 /* Networking */ = {
			isa = PBXGroup;
			children = (
				0A595BB41AE5CB9300BEA970 /* RequestFactory.swift */,
				0A2F903E1AE83FA400354882 /* SOAPService.swift */,
			);
			name = Networking;
			sourceTree = "<group>";
		};
		0AD35E6A1AD4C47900D77D76 = {
			isa = PBXGroup;
			children = (
				0AD35E751AD4C47900D77D76 /* sefi */,
				0AD35E8B1AD4C47900D77D76 /* sefiTests */,
				0AD35E741AD4C47900D77D76 /* Products */,
			);
			sourceTree = "<group>";
		};
		0AD35E741AD4C47900D77D76 /* Products */ = {
			isa = PBXGroup;
			children = (
				0AD35E731AD4C47900D77D76 /* sefi.app */,
				0AD35E881AD4C47900D77D76 /* sefiTests.xctest */,
			);
			name = Products;
			sourceTree = "<group>";
		};
		0AD35E751AD4C47900D77D76 /* sefi */ = {
			isa = PBXGroup;
			children = (
				0AD35E781AD4C47900D77D76 /* AppDelegate.swift */,
				0A2F90441AE9C11A00354882 /* Parsing */,
				0A595BB31AE5CB6C00BEA970 /* Networking */,
				0A595BB01AE5CA7300BEA970 /* Utilities */,
				0A595BAD1AE5C91B00BEA970 /* Model */,
				0A595BAA1AE5C50100BEA970 /* Formatting */,
				0A595BAF1AE5CA1B00BEA970 /* UI */,
				0AD35E7F1AD4C47900D77D76 /* Images.xcassets */,
				0AD35E761AD4C47900D77D76 /* Supporting Files */,
			);
			path = sefi;
			sourceTree = "<group>";
		};
		0AD35E761AD4C47900D77D76 /* Supporting Files */ = {
			isa = PBXGroup;
			children = (
				0AD35E771AD4C47900D77D76 /* Info.plist */,
			);
			name = "Supporting Files";
			sourceTree = "<group>";
		};
		0AD35E8B1AD4C47900D77D76 /* sefiTests */ = {
			isa = PBXGroup;
			children = (
				0AD35E8E1AD4C47900D77D76 /* sefiTests.swift */,
				0AD35E8C1AD4C47900D77D76 /* Supporting Files */,
			);
			path = sefiTests;
			sourceTree = "<group>";
		};
		0AD35E8C1AD4C47900D77D76 /* Supporting Files */ = {
			isa = PBXGroup;
			children = (
				0AD35E8D1AD4C47900D77D76 /* Info.plist */,
			);
			name = "Supporting Files";
			sourceTree = "<group>";
		};
/* End PBXGroup section */

/* Begin PBXNativeTarget section */
		0AD35E721AD4C47900D77D76 /* sefi */ = {
			isa = PBXNativeTarget;
			buildConfigurationList = 0AD35E921AD4C47900D77D76 /* Build configuration list for PBXNativeTarget "sefi" */;
			buildPhases = (
				0AD35E6F1AD4C47900D77D76 /* Sources */,
				0AD35E701AD4C47900D77D76 /* Frameworks */,
				0AD35E711AD4C47900D77D76 /* Resources */,
			);
			buildRules = (
			);
			dependencies = (
			);
			name = sefi;
			productName = sefi;
			productReference = 0AD35E731AD4C47900D77D76 /* sefi.app */;
			productType = "com.apple.product-type.application";
		};
		0AD35E871AD4C47900D77D76 /* sefiTests */ = {
			isa = PBXNativeTarget;
			buildConfigurationList = 0AD35E951AD4C47900D77D76 /* Build configuration list for PBXNativeTarget "sefiTests" */;
			buildPhases = (
				0AD35E841AD4C47900D77D76 /* Sources */,
				0AD35E851AD4C47900D77D76 /* Frameworks */,
				0AD35E861AD4C47900D77D76 /* Resources */,
			);
			buildRules = (
			);
			dependencies = (
				0AD35E8A1AD4C47900D77D76 /* PBXTargetDependency */,
			);
			name = sefiTests;
			productName = sefiTests;
			productReference = 0AD35E881AD4C47900D77D76 /* sefiTests.xctest */;
			productType = "com.apple.product-type.bundle.unit-test";
		};
/* End PBXNativeTarget section */

/* Begin PBXProject section */
		0AD35E6B1AD4C47900D77D76 /* Project object */ = {
			isa = PBXProject;
			attributes = {
				LastUpgradeCheck = 0630;
				ORGANIZATIONNAME = KM;
				TargetAttributes = {
					0AD35E721AD4C47900D77D76 = {
						CreatedOnToolsVersion = 6.3;
					};
					0AD35E871AD4C47900D77D76 = {
						CreatedOnToolsVersion = 6.3;
						TestTargetID = 0AD35E721AD4C47900D77D76;
					};
				};
			};
			buildConfigurationList = 0AD35E6E1AD4C47900D77D76 /* Build configuration list for PBXProject "sefi" */;
			compatibilityVersion = "Xcode 6.3";
			developmentRegion = English;
			hasScannedForEncodings = 0;
			knownRegions = (
				en,
				Base,
			);
			mainGroup = 0AD35E6A1AD4C47900D77D76;
			productRefGroup = 0AD35E741AD4C47900D77D76 /* Products */;
			projectDirPath = "";
			projectRoot = "";
			targets = (
				0AD35E721AD4C47900D77D76 /* sefi */,
				0AD35E871AD4C47900D77D76 /* sefiTests */,
			);
		};
/* End PBXProject section */

/* Begin PBXResourcesBuildPhase section */
		0AD35E711AD4C47900D77D76 /* Resources */ = {
			isa = PBXResourcesBuildPhase;
			buildActionMask = 2147483647;
			files = (
				0AD35E7E1AD4C47900D77D76 /* Main.storyboard in Resources */,
				0AD35E831AD4C47900D77D76 /* LaunchScreen.xib in Resources */,
				0AD35E801AD4C47900D77D76 /* Images.xcassets in Resources */,
			);
			runOnlyForDeploymentPostprocessing = 0;
		};
		0AD35E861AD4C47900D77D76 /* Resources */ = {
			isa = PBXResourcesBuildPhase;
			buildActionMask = 2147483647;
			files = (
			);
			runOnlyForDeploymentPostprocessing = 0;
		};
/* End PBXResourcesBuildPhase section */

/* Begin PBXSourcesBuildPhase section */
		0AD35E6F1AD4C47900D77D76 /* Sources */ = {
			isa = PBXSourcesBuildPhase;
			buildActionMask = 2147483647;
			files = (
				0A595BBD1AE5F14700BEA970 /* OfferDataSource.swift in Sources */,
				0A2F903F1AE83FA400354882 /* SOAPService.swift in Sources */,
				0A595BB71AE5CE2300BEA970 /* Operators.swift in Sources */,
				0AFB372C1ADCAF4600F5EA95 /* LoginViewController.swift in Sources */,
				0AA4EE6F1AFC31EC002BC7B2 /* ListOffersViewController.swift in Sources */,
				0A2F90431AE8465500354882 /* SOAPFormatter.swift in Sources */,
				0A595BB21AE5CA8C00BEA970 /* GCD.swift in Sources */,
				0A2F904C1AF1CEE600354882 /* User.swift in Sources */,
				0A2F90461AE9C13D00354882 /* XMLParser.swift in Sources */,
				0A595BAC1AE5C59500BEA970 /* DateFormatter.swift in Sources */,
				0A595BB51AE5CB9300BEA970 /* RequestFactory.swift in Sources */,
				0A2F904A1AEB1CCD00354882 /* StringFormatter.swift in Sources */,
				0AA23D401AE08D3100696EDA /* DetailViewController.swift in Sources */,
				0AD35E791AD4C47900D77D76 /* AppDelegate.swift in Sources */,
				0A2F90481AE9D9C400354882 /* SWXMLHash.swift in Sources */,
				0AFB37341ADCB4BF00F5EA95 /* Offer.swift in Sources */,
				0AA4EE711AFD58C4002BC7B2 /* ListAppliedOffersViewController.swift in Sources */,
			);
			runOnlyForDeploymentPostprocessing = 0;
		};
		0AD35E841AD4C47900D77D76 /* Sources */ = {
			isa = PBXSourcesBuildPhase;
			buildActionMask = 2147483647;
			files = (
				0AD35E8F1AD4C47900D77D76 /* sefiTests.swift in Sources */,
			);
			runOnlyForDeploymentPostprocessing = 0;
		};
/* End PBXSourcesBuildPhase section */

/* Begin PBXTargetDependency section */
		0AD35E8A1AD4C47900D77D76 /* PBXTargetDependency */ = {
			isa = PBXTargetDependency;
			target = 0AD35E721AD4C47900D77D76 /* sefi */;
			targetProxy = 0AD35E891AD4C47900D77D76 /* PBXContainerItemProxy */;
		};
/* End PBXTargetDependency section */

/* Begin PBXVariantGroup section */
		0AD35E7C1AD4C47900D77D76 /* Main.storyboard */ = {
			isa = PBXVariantGroup;
			children = (
				0AD35E7D1AD4C47900D77D76 /* Base */,
			);
			name = Main.storyboard;
			sourceTree = "<group>";
		};
		0AD35E811AD4C47900D77D76 /* LaunchScreen.xib */ = {
			isa = PBXVariantGroup;
			children = (
				0AD35E821AD4C47900D77D76 /* Base */,
			);
			name = LaunchScreen.xib;
			sourceTree = "<group>";
		};
/* End PBXVariantGroup section */

/* Begin XCBuildConfiguration section */
		0AD35E901AD4C47900D77D76 /* Debug */ = {
			isa = XCBuildConfiguration;
			buildSettings = {
				ALWAYS_SEARCH_USER_PATHS = NO;
				CLANG_CXX_LANGUAGE_STANDARD = "gnu++0x";
				CLANG_CXX_LIBRARY = "libc++";
				CLANG_ENABLE_MODULES = YES;
				CLANG_ENABLE_OBJC_ARC = YES;
				CLANG_WARN_BOOL_CONVERSION = YES;
				CLANG_WARN_CONSTANT_CONVERSION = YES;
				CLANG_WARN_DIRECT_OBJC_ISA_USAGE = YES_ERROR;
				CLANG_WARN_EMPTY_BODY = YES;
				CLANG_WARN_ENUM_CONVERSION = YES;
				CLANG_WARN_INT_CONVERSION = YES;
				CLANG_WARN_OBJC_ROOT_CLASS = YES_ERROR;
				CLANG_WARN_UNREACHABLE_CODE = YES;
				CLANG_WARN__DUPLICATE_METHOD_MATCH = YES;
				"CODE_SIGN_IDENTITY[sdk=iphoneos*]" = "iPhone Developer";
				COPY_PHASE_STRIP = NO;
				DEBUG_INFORMATION_FORMAT = "dwarf-with-dsym";
				ENABLE_STRICT_OBJC_MSGSEND = YES;
				GCC_C_LANGUAGE_STANDARD = gnu99;
				GCC_DYNAMIC_NO_PIC = NO;
				GCC_NO_COMMON_BLOCKS = YES;
				GCC_OPTIMIZATION_LEVEL = 0;
				GCC_PREPROCESSOR_DEFINITIONS = (
					"DEBUG=1",
					"$(inherited)",
				);
				GCC_SYMBOLS_PRIVATE_EXTERN = NO;
				GCC_WARN_64_TO_32_BIT_CONVERSION = YES;
				GCC_WARN_ABOUT_RETURN_TYPE = YES_ERROR;
				GCC_WARN_UNDECLARED_SELECTOR = YES;
				GCC_WARN_UNINITIALIZED_AUTOS = YES_AGGRESSIVE;
				GCC_WARN_UNUSED_FUNCTION = YES;
				GCC_WARN_UNUSED_VARIABLE = YES;
				IPHONEOS_DEPLOYMENT_TARGET = 8.3;
				MTL_ENABLE_DEBUG_INFO = YES;
				ONLY_ACTIVE_ARCH = YES;
				SDKROOT = iphoneos;
				SWIFT_OPTIMIZATION_LEVEL = "-Onone";
				TARGETED_DEVICE_FAMILY = "1,2";
			};
			name = Debug;
		};
		0AD35E911AD4C47900D77D76 /* Release */ = {
			isa = XCBuildConfiguration;
			buildSettings = {
				ALWAYS_SEARCH_USER_PATHS = NO;
				CLANG_CXX_LANGUAGE_STANDARD = "gnu++0x";
				CLANG_CXX_LIBRARY = "libc++";
				CLANG_ENABLE_MODULES = YES;
				CLANG_ENABLE_OBJC_ARC = YES;
				CLANG_WARN_BOOL_CONVERSION = YES;
				CLANG_WARN_CONSTANT_CONVERSION = YES;
				CLANG_WARN_DIRECT_OBJC_ISA_USAGE = YES_ERROR;
				CLANG_WARN_EMPTY_BODY = YES;
				CLANG_WARN_ENUM_CONVERSION = YES;
				CLANG_WARN_INT_CONVERSION = YES;
				CLANG_WARN_OBJC_ROOT_CLASS = YES_ERROR;
				CLANG_WARN_UNREACHABLE_CODE = YES;
				CLANG_WARN__DUPLICATE_METHOD_MATCH = YES;
				"CODE_SIGN_IDENTITY[sdk=iphoneos*]" = "iPhone Developer";
				COPY_PHASE_STRIP = NO;
				DEBUG_INFORMATION_FORMAT = "dwarf-with-dsym";
				ENABLE_NS_ASSERTIONS = NO;
				ENABLE_STRICT_OBJC_MSGSEND = YES;
				GCC_C_LANGUAGE_STANDARD = gnu99;
				GCC_NO_COMMON_BLOCKS = YES;
				GCC_WARN_64_TO_32_BIT_CONVERSION = YES;
				GCC_WARN_ABOUT_RETURN_TYPE = YES_ERROR;
				GCC_WARN_UNDECLARED_SELECTOR = YES;
				GCC_WARN_UNINITIALIZED_AUTOS = YES_AGGRESSIVE;
				GCC_WARN_UNUSED_FUNCTION = YES;
				GCC_WARN_UNUSED_VARIABLE = YES;
				IPHONEOS_DEPLOYMENT_TARGET = 8.3;
				MTL_ENABLE_DEBUG_INFO = NO;
				SDKROOT = iphoneos;
				TARGETED_DEVICE_FAMILY = "1,2";
				VALIDATE_PRODUCT = YES;
			};
			name = Release;
		};
		0AD35E931AD4C47900D77D76 /* Debug */ = {
			isa = XCBuildConfiguration;
			buildSettings = {
				ASSETCATALOG_COMPILER_APPICON_NAME = AppIcon;
				ASSETCATALOG_COMPILER_LAUNCHIMAGE_NAME = LaunchImage;
				INFOPLIST_FILE = sefi/Info.plist;
				LD_RUNPATH_SEARCH_PATHS = "$(inherited) @executable_path/Frameworks";
				PRODUCT_NAME = "$(TARGET_NAME)";
			};
			name = Debug;
		};
		0AD35E941AD4C47900D77D76 /* Release */ = {
			isa = XCBuildConfiguration;
			buildSettings = {
				ASSETCATALOG_COMPILER_APPICON_NAME = AppIcon;
				ASSETCATALOG_COMPILER_LAUNCHIMAGE_NAME = LaunchImage;
				INFOPLIST_FILE = sefi/Info.plist;
				LD_RUNPATH_SEARCH_PATHS = "$(inherited) @executable_path/Frameworks";
				PRODUCT_NAME = "$(TARGET_NAME)";
			};
			name = Release;
		};
		0AD35E961AD4C47900D77D76 /* Debug */ = {
			isa = XCBuildConfiguration;
			buildSettings = {
				BUNDLE_LOADER = "$(TEST_HOST)";
				FRAMEWORK_SEARCH_PATHS = (
					"$(SDKROOT)/Developer/Library/Frameworks",
					"$(inherited)",
				);
				GCC_PREPROCESSOR_DEFINITIONS = (
					"DEBUG=1",
					"$(inherited)",
				);
				INFOPLIST_FILE = sefiTests/Info.plist;
				LD_RUNPATH_SEARCH_PATHS = "$(inherited) @executable_path/Frameworks @loader_path/Frameworks";
				PRODUCT_NAME = "$(TARGET_NAME)";
				TEST_HOST = "$(BUILT_PRODUCTS_DIR)/sefi.app/sefi";
			};
			name = Debug;
		};
		0AD35E971AD4C47900D77D76 /* Release */ = {
			isa = XCBuildConfiguration;
			buildSettings = {
				BUNDLE_LOADER = "$(TEST_HOST)";
				FRAMEWORK_SEARCH_PATHS = (
					"$(SDKROOT)/Developer/Library/Frameworks",
					"$(inherited)",
				);
				INFOPLIST_FILE = sefiTests/Info.plist;
				LD_RUNPATH_SEARCH_PATHS = "$(inherited) @executable_path/Frameworks @loader_path/Frameworks";
				PRODUCT_NAME = "$(TARGET_NAME)";
				TEST_HOST = "$(BUILT_PRODUCTS_DIR)/sefi.app/sefi";
			};
			name = Release;
		};
/* End XCBuildConfiguration section */

/* Begin XCConfigurationList section */
		0AD35E6E1AD4C47900D77D76 /* Build configuration list for PBXProject "sefi" */ = {
			isa = XCConfigurationList;
			buildConfigurations = (
				0AD35E901AD4C47900D77D76 /* Debug */,
				0AD35E911AD4C47900D77D76 /* Release */,
			);
			defaultConfigurationIsVisible = 0;
			defaultConfigurationName = Release;
		};
		0AD35E921AD4C47900D77D76 /* Build configuration list for PBXNativeTarget "sefi" */ = {
			isa = XCConfigurationList;
			buildConfigurations = (
				0AD35E931AD4C47900D77D76 /* Debug */,
				0AD35E941AD4C47900D77D76 /* Release */,
			);
			defaultConfigurationIsVisible = 0;
			defaultConfigurationName = Release;
		};
		0AD35E951AD4C47900D77D76 /* Build configuration list for PBXNativeTarget "sefiTests" */ = {
			isa = XCConfigurationList;
			buildConfigurations = (
				0AD35E961AD4C47900D77D76 /* Debug */,
				0AD35E971AD4C47900D77D76 /* Release */,
			);
			defaultConfigurationIsVisible = 0;
			defaultConfigurationName = Release;
		};
/* End XCConfigurationList section */
	};
	rootObject = 0AD35E6B1AD4C47900D77D76 /* Project object */;
}
